
Microsoft Visual Studio Solution File, Format Version 12.00
# Visual Studio Version 16
VisualStudioVersion = 16.0.30804.86
MinimumVisualStudioVersion = 10.0.40219.1
Project("{9A19103F-16F7-4668-BE54-9A1E7A4F7556}") = "GeneticAlgorithm", "GeneticAlgorithm\GeneticAlgorithm.csproj", "{EEF43E14-9969-4557-B0FF-6C403D176420}"
EndProject
Project("{9A19103F-16F7-4668-BE54-9A1E7A4F7556}") = "AlgoLibrary", "AlgoLibrary\AlgoLibrary.csproj", "{EC547335-47DF-4396-AFBC-5FCB8199893A}"
EndProject
Project("{FAE04EC0-301F-11D3-BF4B-00C04F79EFBC}") = "Functions", "Functions\Functions.csproj", "{BFD8096D-D8DD-4C7B-944E-D803FB139962}"
EndProject
Global
	GlobalSection(SolutionConfigurationPlatforms) = preSolution
		Debug|Any CPU = Debug|Any CPU
		Release|Any CPU = Release|Any CPU
	EndGlobalSection
	GlobalSection(ProjectConfigurationPlatforms) = postSolution
		{EEF43E14-9969-4557-B0FF-6C403D176420}.Debug|Any CPU.ActiveCfg = Debug|Any CPU
		{EEF43E14-9969-4557-B0FF-6C403D176420}.Debug|Any CPU.Build.0 = Debug|Any CPU
		{EEF43E14-9969-4557-B0FF-6C403D176420}.Release|Any CPU.ActiveCfg = Release|Any CPU
		{EEF43E14-9969-4557-B0FF-6C403D176420}.Release|Any CPU.Build.0 = Release|Any CPU
		{EC547335-47DF-4396-AFBC-5FCB8199893A}.Debug|Any CPU.ActiveCfg = Debug|Any CPU
		{EC547335-47DF-4396-AFBC-5FCB8199893A}.Debug|Any CPU.Build.0 = Debug|Any CPU
		{EC547335-47DF-4396-AFBC-5FCB8199893A}.Release|Any CPU.ActiveCfg = Release|Any CPU
		{EC547335-47DF-4396-AFBC-5FCB8199893A}.Release|Any CPU.Build.0 = Release|Any CPU
		{BFD8096D-D8DD-4C7B-944E-D803FB139962}.Debug|Any CPU.ActiveCfg = Debug|Any CPU
		{BFD8096D-D8DD-4C7B-944E-D803FB139962}.Debug|Any CPU.Build.0 = Debug|Any CPU
		{BFD8096D-D8DD-4C7B-944E-D803FB139962}.Release|Any CPU.ActiveCfg = Release|Any CPU
		{BFD8096D-D8DD-4C7B-944E-D803FB139962}.Release|Any CPU.Build.0 = Release|Any CPU
	EndGlobalSection
	GlobalSection(SolutionProperties) = preSolution
		HideSolutionNode = FALSE
	EndGlobalSection
	GlobalSection(ExtensibilityGlobals) = postSolution
		SolutionGuid = {98831C9D-DF24-4F3E-A140-6F1F744753D4}
	EndGlobalSection
EndGlobal
